
Microsoft Visual Studio Solution File, Format Version 12.00
# Visual Studio 15
VisualStudioVersion = 15.0.26430.16
MinimumVisualStudioVersion = 10.0.40219.1
Project("{9A19103F-16F7-4668-BE54-9A1E7A4F7556}") = "GameWebService", "GameWebService\GameWebService.csproj", "{36F1A42C-80FD-4462-8EA2-360DE0C6E6D7}"
EndProject
Project("{9A19103F-16F7-4668-BE54-9A1E7A4F7556}") = "GameWebService.DAL", "GameWebService.DAL\GameWebService.DAL.csproj", "{F4F82FBD-1421-4A38-A0D7-86CC4D7DEB25}"
EndProject
Project("{9A19103F-16F7-4668-BE54-9A1E7A4F7556}") = "GameService.WebAPI", "GameService.WebAPI\GameService.WebAPI.csproj", "{7BFC8256-2181-430A-9EE4-F61FCA63638F}"
EndProject
Global
	GlobalSection(SolutionConfigurationPlatforms) = preSolution
		Debug|Any CPU = Debug|Any CPU
		Release|Any CPU = Release|Any CPU
	EndGlobalSection
	GlobalSection(ProjectConfigurationPlatforms) = postSolution
		{36F1A42C-80FD-4462-8EA2-360DE0C6E6D7}.Debug|Any CPU.ActiveCfg = Debug|Any CPU
		{36F1A42C-80FD-4462-8EA2-360DE0C6E6D7}.Debug|Any CPU.Build.0 = Debug|Any CPU
		{36F1A42C-80FD-4462-8EA2-360DE0C6E6D7}.Release|Any CPU.ActiveCfg = Release|Any CPU
		{36F1A42C-80FD-4462-8EA2-360DE0C6E6D7}.Release|Any CPU.Build.0 = Release|Any CPU
		{F4F82FBD-1421-4A38-A0D7-86CC4D7DEB25}.Debug|Any CPU.ActiveCfg = Debug|Any CPU
		{F4F82FBD-1421-4A38-A0D7-86CC4D7DEB25}.Debug|Any CPU.Build.0 = Debug|Any CPU
		{F4F82FBD-1421-4A38-A0D7-86CC4D7DEB25}.Release|Any CPU.ActiveCfg = Release|Any CPU
		{F4F82FBD-1421-4A38-A0D7-86CC4D7DEB25}.Release|Any CPU.Build.0 = Release|Any CPU
		{7BFC8256-2181-430A-9EE4-F61FCA63638F}.Debug|Any CPU.ActiveCfg = Debug|Any CPU
		{7BFC8256-2181-430A-9EE4-F61FCA63638F}.Debug|Any CPU.Build.0 = Debug|Any CPU
		{7BFC8256-2181-430A-9EE4-F61FCA63638F}.Release|Any CPU.ActiveCfg = Release|Any CPU
		{7BFC8256-2181-430A-9EE4-F61FCA63638F}.Release|Any CPU.Build.0 = Release|Any CPU
	EndGlobalSection
	GlobalSection(SolutionProperties) = preSolution
		HideSolutionNode = FALSE
	EndGlobalSection
EndGlobal
